
Microsoft Visual Studio Solution File, Format Version 12.00
# Visual Studio Version 17
VisualStudioVersion = 17.7.34221.43
MinimumVisualStudioVersion = 10.0.40219.1
Project("{FAE04EC0-301F-11D3-BF4B-00C04F79EFBC}") = "CAMERASPINNAKER", "CAMERASPINNAKER\CAMERASPINNAKER.csproj", "{181D7917-3F7C-4367-B3FB-F7B67FCE10B8}"
EndProject
Global
	GlobalSection(SolutionConfigurationPlatforms) = preSolution
		Debug|Any CPU = Debug|Any CPU
		Release|Any CPU = Release|Any CPU
	EndGlobalSection
	GlobalSection(ProjectConfigurationPlatforms) = postSolution
		{181D7917-3F7C-4367-B3FB-F7B67FCE10B8}.Debug|Any CPU.ActiveCfg = Debug|Any CPU
		{181D7917-3F7C-4367-B3FB-F7B67FCE10B8}.Debug|Any CPU.Build.0 = Debug|Any CPU
		{181D7917-3F7C-4367-B3FB-F7B67FCE10B8}.Release|Any CPU.ActiveCfg = Release|Any CPU
		{181D7917-3F7C-4367-B3FB-F7B67FCE10B8}.Release|Any CPU.Build.0 = Release|Any CPU
	EndGlobalSection
	GlobalSection(SolutionProperties) = preSolution
		HideSolutionNode = FALSE
	EndGlobalSection
	GlobalSection(ExtensibilityGlobals) = postSolution
		SolutionGuid = {AE11986D-DB31-4419-ABBC-CB92B834BDD2}
	EndGlobalSection
EndGlobal
